
Microsoft Visual Studio Solution File, Format Version 12.00
# Visual Studio Version 17
VisualStudioVersion = 17.11.35312.102
MinimumVisualStudioVersion = 10.0.40219.1
Project("{2150E333-8FDC-42A3-9474-1A3956D46DE8}") = "Task0", "Task0", "{80F999D6-091E-44F7-A141-0B728A5F6120}"
EndProject
Project("{9A19103F-16F7-4668-BE54-9A1E7A4F7556}") = "Tuyiu.KosyanovDV.Sprint6.Task0.V17", "Tuyiu.KosyanovDV.Sprint6.Task0.V17\Tuyiu.KosyanovDV.Sprint6.Task0.V17.csproj", "{4C45F475-0994-42C0-82EE-DD17E9476B1A}"
EndProject
Project("{9A19103F-16F7-4668-BE54-9A1E7A4F7556}") = "Tuyiu.KosyanovDV.Sprint6.Task0.V17.Lib", "Tuyiu.KosyanovDV.Sprint6.Task0.V17.Lib\Tuyiu.KosyanovDV.Sprint6.Task0.V17.Lib.csproj", "{D4BC5ECA-D2A0-4C0D-BFC0-E8FCA99BF20E}"
EndProject
Project("{9A19103F-16F7-4668-BE54-9A1E7A4F7556}") = "Tuyiu.KosyanovDV.Sprint6.Task0.V17.Test", "Tuyiu.KosyanovDV.Sprint6.Task0.V17.Test\Tuyiu.KosyanovDV.Sprint6.Task0.V17.Test.csproj", "{F5CA7306-4527-446D-91B4-C0F34E0F786C}"
EndProject
Project("{2150E333-8FDC-42A3-9474-1A3956D46DE8}") = "Task1", "Task1", "{06FC4248-5CB2-412F-A1D0-419FF1A2953F}"
EndProject
Project("{9A19103F-16F7-4668-BE54-9A1E7A4F7556}") = "Tuyiu.KosyanovDV.Sprint6.Task1.V24", "Tuyiu.KosyanovDV.Sprint6.Task1.V24\Tuyiu.KosyanovDV.Sprint6.Task1.V24.csproj", "{918B1946-DE2E-43B9-9C9E-526F709C6849}"
EndProject
Project("{9A19103F-16F7-4668-BE54-9A1E7A4F7556}") = "Tuyiu.KosyanovDV.Sprint6.Task1.V24.Test", "Tuyiu.KosyanovDV.Sprint6.Task1.V24.Test\Tuyiu.KosyanovDV.Sprint6.Task1.V24.Test.csproj", "{3CDCD31F-BADA-423F-93B8-C1C4C7826E3A}"
EndProject
Project("{9A19103F-16F7-4668-BE54-9A1E7A4F7556}") = "Tuyiu.KosyanovDV.Sprint6.Task1.V24.Lib", "Tuyiu.KosyanovDV.Sprint6.Task1.V24.Lib\Tuyiu.KosyanovDV.Sprint6.Task1.V24.Lib.csproj", "{7D355027-7B1E-46B6-8C62-609B0EDF9636}"
EndProject
Project("{2150E333-8FDC-42A3-9474-1A3956D46DE8}") = "Task2", "Task2", "{07AC16D3-D7E3-49F1-80AC-9C909D5A93E3}"
EndProject
Project("{9A19103F-16F7-4668-BE54-9A1E7A4F7556}") = "Tuyiu.KosyanovDV.Sprint6.Task2.V14", "Tuyiu.KosyanovDV.Sprint6.Task2.V14\Tuyiu.KosyanovDV.Sprint6.Task2.V14.csproj", "{56EC4A52-118F-4A29-B544-49FCBB607E53}"
EndProject
Project("{9A19103F-16F7-4668-BE54-9A1E7A4F7556}") = "Tuyiu.KosyanovDV.Sprint6.Task2.V14.Lib", "Tuyiu.KosyanovDV.Sprint6.Task2.V14.Lib\Tuyiu.KosyanovDV.Sprint6.Task2.V14.Lib.csproj", "{EC68516B-7E68-4A4D-88D4-99FD83099342}"
EndProject
Project("{9A19103F-16F7-4668-BE54-9A1E7A4F7556}") = "Tuyiu.KosyanovDV.Sprint6.Task2.V14.Test", "Tuyiu.KosyanovDV.Sprint6.Task2.V14.Test\Tuyiu.KosyanovDV.Sprint6.Task2.V14.Test.csproj", "{CD8534A4-8A29-4E2B-BC68-E4A12625D8D8}"
EndProject
Project("{2150E333-8FDC-42A3-9474-1A3956D46DE8}") = "Task3", "Task3", "{2C2E7B99-66BD-4C32-9480-72D2B5703F5D}"
EndProject
Project("{9A19103F-16F7-4668-BE54-9A1E7A4F7556}") = "Tuyiu.KosyanovDV.Sprint6.Task3.V15", "Tuyiu.KosyanovDV.Sprint6.Task3.V15\Tuyiu.KosyanovDV.Sprint6.Task3.V15.csproj", "{C8977D41-3DA4-4095-8BD1-02ACBE552168}"
EndProject
Project("{9A19103F-16F7-4668-BE54-9A1E7A4F7556}") = "Tuyiu.KosyanovDV.Sprint6.Task3.V15.Lib", "Tuyiu.KosyanovDV.Sprint6.Task3.V15.Lib\Tuyiu.KosyanovDV.Sprint6.Task3.V15.Lib.csproj", "{CB9284F5-FD84-438E-9417-DE16FF470F0E}"
EndProject
Project("{9A19103F-16F7-4668-BE54-9A1E7A4F7556}") = "Tuyiu.KosyanovDV.Sprint6.Task3.V15.Test", "Tuyiu.KosyanovDV.Sprint6.Task3.V15.Test\Tuyiu.KosyanovDV.Sprint6.Task3.V15.Test.csproj", "{F1A291F6-9371-4FC8-AF16-C41A08A998D0}"
EndProject
Project("{2150E333-8FDC-42A3-9474-1A3956D46DE8}") = "Task4", "Task4", "{341CAF4F-1C52-4A4E-B791-7DB94DA8810B}"
EndProject
Project("{9A19103F-16F7-4668-BE54-9A1E7A4F7556}") = "Tuyiu.KosyanovDV.Sprint6.Task4.V14", "Tuyiu.KosyanovDV.Sprint6.Task4.V14\Tuyiu.KosyanovDV.Sprint6.Task4.V14.csproj", "{651D861C-4A5B-41D7-A77C-B87373696395}"
EndProject
Project("{9A19103F-16F7-4668-BE54-9A1E7A4F7556}") = "Tuyiu.KosyanovDV.Sprint6.Task4.V14.Lib", "Tuyiu.KosyanovDV.Sprint6.Task4.V14.Lib\Tuyiu.KosyanovDV.Sprint6.Task4.V14.Lib.csproj", "{B9A2798B-99C5-4044-81B1-0A4B9816A4AC}"
EndProject
Project("{9A19103F-16F7-4668-BE54-9A1E7A4F7556}") = "Tuyiu.KosyanovDV.Sprint6.Task4.V14.Test", "Tuyiu.KosyanovDV.Sprint6.Task4.V14.Test\Tuyiu.KosyanovDV.Sprint6.Task4.V14.Test.csproj", "{28720297-8024-4504-B2E8-11E71A33EF6C}"
EndProject
Project("{2150E333-8FDC-42A3-9474-1A3956D46DE8}") = "Task5", "Task5", "{2E9AFFB2-7C7F-4BC5-BFC8-E3CAF5DAC260}"
EndProject
Project("{9A19103F-16F7-4668-BE54-9A1E7A4F7556}") = "Tuyiu.KosyanovDV.Sprint6.Task5.V25", "Tuyiu.KosyanovDV.Sprint6.Task5.V25\Tuyiu.KosyanovDV.Sprint6.Task5.V25.csproj", "{F5CFBF62-C396-4252-B61C-F9E4B98F5D62}"
EndProject
Project("{9A19103F-16F7-4668-BE54-9A1E7A4F7556}") = "Tuyiu.KosyanovDV.Sprint6.Task5.V25.Lib", "Tuyiu.KosyanovDV.Sprint6.Task5.V25.Lib\Tuyiu.KosyanovDV.Sprint6.Task5.V25.Lib.csproj", "{F8B8D064-C97A-4997-A1AD-F2E2740CEFBE}"
EndProject
Project("{9A19103F-16F7-4668-BE54-9A1E7A4F7556}") = "Tuyiu.KosyanovDV.Sprint6.Task5.V25.Test", "Tuyiu.KosyanovDV.Sprint6.Task5.V25.Test\Tuyiu.KosyanovDV.Sprint6.Task5.V25.Test.csproj", "{9F662378-908C-42DC-8AC8-79FA65C2EA91}"
EndProject
Project("{2150E333-8FDC-42A3-9474-1A3956D46DE8}") = "Task6", "Task6", "{C5334DDA-0AB3-4717-9E36-F522F16FFD28}"
EndProject
Project("{9A19103F-16F7-4668-BE54-9A1E7A4F7556}") = "Tuyiu.KosyanovDV.Sprint6.Task6.V11", "Tuyiu.KosyanovDV.Sprint6.Task6.V11\Tuyiu.KosyanovDV.Sprint6.Task6.V11.csproj", "{74872EAB-895B-4B45-B375-F658BBBAE1B5}"
EndProject
Project("{9A19103F-16F7-4668-BE54-9A1E7A4F7556}") = "Tuyiu.KosyanovDV.Sprint6.Task6.V11.Lib", "Tuyiu.KosyanovDV.Sprint6.Task6.V11.Lib\Tuyiu.KosyanovDV.Sprint6.Task6.V11.Lib.csproj", "{E7A2FDA4-B5AD-4FD2-BAC3-BBB3C0AD1022}"
EndProject
Project("{9A19103F-16F7-4668-BE54-9A1E7A4F7556}") = "Tuyiu.KosyanovDV.Sprint6.Task6.V11.Test", "Tuyiu.KosyanovDV.Sprint6.Task6.V11.Test\Tuyiu.KosyanovDV.Sprint6.Task6.V11.Test.csproj", "{050F5DF5-FD2A-40BF-87BC-0841F63736F7}"
EndProject
Project("{2150E333-8FDC-42A3-9474-1A3956D46DE8}") = "Task7", "Task7", "{3FE68F4D-3806-4A92-959D-E8F1941C5D42}"
EndProject
Project("{9A19103F-16F7-4668-BE54-9A1E7A4F7556}") = "Tuyiu.KosyanovDV.Sprint6.Task7.V21", "Tuyiu.KosyanovDV.Sprint6.Task7.V21\Tuyiu.KosyanovDV.Sprint6.Task7.V21.csproj", "{5F7AC2BC-4BB6-434D-9903-7A740EA09EE5}"
EndProject
Project("{9A19103F-16F7-4668-BE54-9A1E7A4F7556}") = "Tuyiu.KosyanovDV.Sprint6.Task7.V21.Lib", "Tuyiu.KosyanovDV.Sprint6.Task7.V21.Lib\Tuyiu.KosyanovDV.Sprint6.Task7.V21.Lib.csproj", "{3B4771CB-356B-4EA5-A322-E568A8343CAD}"
EndProject
Project("{9A19103F-16F7-4668-BE54-9A1E7A4F7556}") = "Tuyiu.KosyanovDV.Sprint6.Task7.V21.Test", "Tuyiu.KosyanovDV.Sprint6.Task7.V21.Test\Tuyiu.KosyanovDV.Sprint6.Task7.V21.Test.csproj", "{74CCEF69-B7EA-4BCA-AD24-7C42D687BF29}"
EndProject
Global
	GlobalSection(SolutionConfigurationPlatforms) = preSolution
		Debug|Any CPU = Debug|Any CPU
		Release|Any CPU = Release|Any CPU
	EndGlobalSection
	GlobalSection(ProjectConfigurationPlatforms) = postSolution
		{4C45F475-0994-42C0-82EE-DD17E9476B1A}.Debug|Any CPU.ActiveCfg = Debug|Any CPU
		{4C45F475-0994-42C0-82EE-DD17E9476B1A}.Debug|Any CPU.Build.0 = Debug|Any CPU
		{4C45F475-0994-42C0-82EE-DD17E9476B1A}.Release|Any CPU.ActiveCfg = Release|Any CPU
		{4C45F475-0994-42C0-82EE-DD17E9476B1A}.Release|Any CPU.Build.0 = Release|Any CPU
		{D4BC5ECA-D2A0-4C0D-BFC0-E8FCA99BF20E}.Debug|Any CPU.ActiveCfg = Debug|Any CPU
		{D4BC5ECA-D2A0-4C0D-BFC0-E8FCA99BF20E}.Debug|Any CPU.Build.0 = Debug|Any CPU
		{D4BC5ECA-D2A0-4C0D-BFC0-E8FCA99BF20E}.Release|Any CPU.ActiveCfg = Release|Any CPU
		{D4BC5ECA-D2A0-4C0D-BFC0-E8FCA99BF20E}.Release|Any CPU.Build.0 = Release|Any CPU
		{F5CA7306-4527-446D-91B4-C0F34E0F786C}.Debug|Any CPU.ActiveCfg = Debug|Any CPU
		{F5CA7306-4527-446D-91B4-C0F34E0F786C}.Debug|Any CPU.Build.0 = Debug|Any CPU
		{F5CA7306-4527-446D-91B4-C0F34E0F786C}.Release|Any CPU.ActiveCfg = Release|Any CPU
		{F5CA7306-4527-446D-91B4-C0F34E0F786C}.Release|Any CPU.Build.0 = Release|Any CPU
		{918B1946-DE2E-43B9-9C9E-526F709C6849}.Debug|Any CPU.ActiveCfg = Debug|Any CPU
		{918B1946-DE2E-43B9-9C9E-526F709C6849}.Debug|Any CPU.Build.0 = Debug|Any CPU
		{918B1946-DE2E-43B9-9C9E-526F709C6849}.Release|Any CPU.ActiveCfg = Release|Any CPU
		{918B1946-DE2E-43B9-9C9E-526F709C6849}.Release|Any CPU.Build.0 = Release|Any CPU
		{3CDCD31F-BADA-423F-93B8-C1C4C7826E3A}.Debug|Any CPU.ActiveCfg = Debug|Any CPU
		{3CDCD31F-BADA-423F-93B8-C1C4C7826E3A}.Debug|Any CPU.Build.0 = Debug|Any CPU
		{3CDCD31F-BADA-423F-93B8-C1C4C7826E3A}.Release|Any CPU.ActiveCfg = Release|Any CPU
		{3CDCD31F-BADA-423F-93B8-C1C4C7826E3A}.Release|Any CPU.Build.0 = Release|Any CPU
		{7D355027-7B1E-46B6-8C62-609B0EDF9636}.Debug|Any CPU.ActiveCfg = Debug|Any CPU
		{7D355027-7B1E-46B6-8C62-609B0EDF9636}.Debug|Any CPU.Build.0 = Debug|Any CPU
		{7D355027-7B1E-46B6-8C62-609B0EDF9636}.Release|Any CPU.ActiveCfg = Release|Any CPU
		{7D355027-7B1E-46B6-8C62-609B0EDF9636}.Release|Any CPU.Build.0 = Release|Any CPU
		{56EC4A52-118F-4A29-B544-49FCBB607E53}.Debug|Any CPU.ActiveCfg = Debug|Any CPU
		{56EC4A52-118F-4A29-B544-49FCBB607E53}.Debug|Any CPU.Build.0 = Debug|Any CPU
		{56EC4A52-118F-4A29-B544-49FCBB607E53}.Release|Any CPU.ActiveCfg = Release|Any CPU
		{56EC4A52-118F-4A29-B544-49FCBB607E53}.Release|Any CPU.Build.0 = Release|Any CPU
		{EC68516B-7E68-4A4D-88D4-99FD83099342}.Debug|Any CPU.ActiveCfg = Debug|Any CPU
		{EC68516B-7E68-4A4D-88D4-99FD83099342}.Debug|Any CPU.Build.0 = Debug|Any CPU
		{EC68516B-7E68-4A4D-88D4-99FD83099342}.Release|Any CPU.ActiveCfg = Release|Any CPU
		{EC68516B-7E68-4A4D-88D4-99FD83099342}.Release|Any CPU.Build.0 = Release|Any CPU
		{CD8534A4-8A29-4E2B-BC68-E4A12625D8D8}.Debug|Any CPU.ActiveCfg = Debug|Any CPU
		{CD8534A4-8A29-4E2B-BC68-E4A12625D8D8}.Debug|Any CPU.Build.0 = Debug|Any CPU
		{CD8534A4-8A29-4E2B-BC68-E4A12625D8D8}.Release|Any CPU.ActiveCfg = Release|Any CPU
		{CD8534A4-8A29-4E2B-BC68-E4A12625D8D8}.Release|Any CPU.Build.0 = Release|Any CPU
		{C8977D41-3DA4-4095-8BD1-02ACBE552168}.Debug|Any CPU.ActiveCfg = Debug|Any CPU
		{C8977D41-3DA4-4095-8BD1-02ACBE552168}.Debug|Any CPU.Build.0 = Debug|Any CPU
		{C8977D41-3DA4-4095-8BD1-02ACBE552168}.Release|Any CPU.ActiveCfg = Release|Any CPU
		{C8977D41-3DA4-4095-8BD1-02ACBE552168}.Release|Any CPU.Build.0 = Release|Any CPU
		{CB9284F5-FD84-438E-9417-DE16FF470F0E}.Debug|Any CPU.ActiveCfg = Debug|Any CPU
		{CB9284F5-FD84-438E-9417-DE16FF470F0E}.Debug|Any CPU.Build.0 = Debug|Any CPU
		{CB9284F5-FD84-438E-9417-DE16FF470F0E}.Release|Any CPU.ActiveCfg = Release|Any CPU
		{CB9284F5-FD84-438E-9417-DE16FF470F0E}.Release|Any CPU.Build.0 = Release|Any CPU
		{F1A291F6-9371-4FC8-AF16-C41A08A998D0}.Debug|Any CPU.ActiveCfg = Debug|Any CPU
		{F1A291F6-9371-4FC8-AF16-C41A08A998D0}.Debug|Any CPU.Build.0 = Debug|Any CPU
		{F1A291F6-9371-4FC8-AF16-C41A08A998D0}.Release|Any CPU.ActiveCfg = Release|Any CPU
		{F1A291F6-9371-4FC8-AF16-C41A08A998D0}.Release|Any CPU.Build.0 = Release|Any CPU
		{651D861C-4A5B-41D7-A77C-B87373696395}.Debug|Any CPU.ActiveCfg = Debug|Any CPU
		{651D861C-4A5B-41D7-A77C-B87373696395}.Debug|Any CPU.Build.0 = Debug|Any CPU
		{651D861C-4A5B-41D7-A77C-B87373696395}.Release|Any CPU.ActiveCfg = Release|Any CPU
		{651D861C-4A5B-41D7-A77C-B87373696395}.Release|Any CPU.Build.0 = Release|Any CPU
		{B9A2798B-99C5-4044-81B1-0A4B9816A4AC}.Debug|Any CPU.ActiveCfg = Debug|Any CPU
		{B9A2798B-99C5-4044-81B1-0A4B9816A4AC}.Debug|Any CPU.Build.0 = Debug|Any CPU
		{B9A2798B-99C5-4044-81B1-0A4B9816A4AC}.Release|Any CPU.ActiveCfg = Release|Any CPU
		{B9A2798B-99C5-4044-81B1-0A4B9816A4AC}.Release|Any CPU.Build.0 = Release|Any CPU
		{28720297-8024-4504-B2E8-11E71A33EF6C}.Debug|Any CPU.ActiveCfg = Debug|Any CPU
		{28720297-8024-4504-B2E8-11E71A33EF6C}.Debug|Any CPU.Build.0 = Debug|Any CPU
		{28720297-8024-4504-B2E8-11E71A33EF6C}.Release|Any CPU.ActiveCfg = Release|Any CPU
		{28720297-8024-4504-B2E8-11E71A33EF6C}.Release|Any CPU.Build.0 = Release|Any CPU
		{F5CFBF62-C396-4252-B61C-F9E4B98F5D62}.Debug|Any CPU.ActiveCfg = Debug|Any CPU
		{F5CFBF62-C396-4252-B61C-F9E4B98F5D62}.Debug|Any CPU.Build.0 = Debug|Any CPU
		{F5CFBF62-C396-4252-B61C-F9E4B98F5D62}.Release|Any CPU.ActiveCfg = Release|Any CPU
		{F5CFBF62-C396-4252-B61C-F9E4B98F5D62}.Release|Any CPU.Build.0 = Release|Any CPU
		{F8B8D064-C97A-4997-A1AD-F2E2740CEFBE}.Debug|Any CPU.ActiveCfg = Debug|Any CPU
		{F8B8D064-C97A-4997-A1AD-F2E2740CEFBE}.Debug|Any CPU.Build.0 = Debug|Any CPU
		{F8B8D064-C97A-4997-A1AD-F2E2740CEFBE}.Release|Any CPU.ActiveCfg = Release|Any CPU
		{F8B8D064-C97A-4997-A1AD-F2E2740CEFBE}.Release|Any CPU.Build.0 = Release|Any CPU
		{9F662378-908C-42DC-8AC8-79FA65C2EA91}.Debug|Any CPU.ActiveCfg = Debug|Any CPU
		{9F662378-908C-42DC-8AC8-79FA65C2EA91}.Debug|Any CPU.Build.0 = Debug|Any CPU
		{9F662378-908C-42DC-8AC8-79FA65C2EA91}.Release|Any CPU.ActiveCfg = Release|Any CPU
		{9F662378-908C-42DC-8AC8-79FA65C2EA91}.Release|Any CPU.Build.0 = Release|Any CPU
		{74872EAB-895B-4B45-B375-F658BBBAE1B5}.Debug|Any CPU.ActiveCfg = Debug|Any CPU
		{74872EAB-895B-4B45-B375-F658BBBAE1B5}.Debug|Any CPU.Build.0 = Debug|Any CPU
		{74872EAB-895B-4B45-B375-F658BBBAE1B5}.Release|Any CPU.ActiveCfg = Release|Any CPU
		{74872EAB-895B-4B45-B375-F658BBBAE1B5}.Release|Any CPU.Build.0 = Release|Any CPU
		{E7A2FDA4-B5AD-4FD2-BAC3-BBB3C0AD1022}.Debug|Any CPU.ActiveCfg = Debug|Any CPU
		{E7A2FDA4-B5AD-4FD2-BAC3-BBB3C0AD1022}.Debug|Any CPU.Build.0 = Debug|Any CPU
		{E7A2FDA4-B5AD-4FD2-BAC3-BBB3C0AD1022}.Release|Any CPU.ActiveCfg = Release|Any CPU
		{E7A2FDA4-B5AD-4FD2-BAC3-BBB3C0AD1022}.Release|Any CPU.Build.0 = Release|Any CPU
		{050F5DF5-FD2A-40BF-87BC-0841F63736F7}.Debug|Any CPU.ActiveCfg = Debug|Any CPU
		{050F5DF5-FD2A-40BF-87BC-0841F63736F7}.Debug|Any CPU.Build.0 = Debug|Any CPU
		{050F5DF5-FD2A-40BF-87BC-0841F63736F7}.Release|Any CPU.ActiveCfg = Release|Any CPU
		{050F5DF5-FD2A-40BF-87BC-0841F63736F7}.Release|Any CPU.Build.0 = Release|Any CPU
		{5F7AC2BC-4BB6-434D-9903-7A740EA09EE5}.Debug|Any CPU.ActiveCfg = Debug|Any CPU
		{5F7AC2BC-4BB6-434D-9903-7A740EA09EE5}.Debug|Any CPU.Build.0 = Debug|Any CPU
		{5F7AC2BC-4BB6-434D-9903-7A740EA09EE5}.Release|Any CPU.ActiveCfg = Release|Any CPU
		{5F7AC2BC-4BB6-434D-9903-7A740EA09EE5}.Release|Any CPU.Build.0 = Release|Any CPU
		{3B4771CB-356B-4EA5-A322-E568A8343CAD}.Debug|Any CPU.ActiveCfg = Debug|Any CPU
		{3B4771CB-356B-4EA5-A322-E568A8343CAD}.Debug|Any CPU.Build.0 = Debug|Any CPU
		{3B4771CB-356B-4EA5-A322-E568A8343CAD}.Release|Any CPU.ActiveCfg = Release|Any CPU
		{3B4771CB-356B-4EA5-A322-E568A8343CAD}.Release|Any CPU.Build.0 = Release|Any CPU
		{74CCEF69-B7EA-4BCA-AD24-7C42D687BF29}.Debug|Any CPU.ActiveCfg = Debug|Any CPU
		{74CCEF69-B7EA-4BCA-AD24-7C42D687BF29}.Debug|Any CPU.Build.0 = Debug|Any CPU
		{74CCEF69-B7EA-4BCA-AD24-7C42D687BF29}.Release|Any CPU.ActiveCfg = Release|Any CPU
		{74CCEF69-B7EA-4BCA-AD24-7C42D687BF29}.Release|Any CPU.Build.0 = Release|Any CPU
	EndGlobalSection
	GlobalSection(SolutionProperties) = preSolution
		HideSolutionNode = FALSE
	EndGlobalSection
	GlobalSection(NestedProjects) = preSolution
		{4C45F475-0994-42C0-82EE-DD17E9476B1A} = {80F999D6-091E-44F7-A141-0B728A5F6120}
		{D4BC5ECA-D2A0-4C0D-BFC0-E8FCA99BF20E} = {80F999D6-091E-44F7-A141-0B728A5F6120}
		{F5CA7306-4527-446D-91B4-C0F34E0F786C} = {80F999D6-091E-44F7-A141-0B728A5F6120}
		{918B1946-DE2E-43B9-9C9E-526F709C6849} = {06FC4248-5CB2-412F-A1D0-419FF1A2953F}
		{3CDCD31F-BADA-423F-93B8-C1C4C7826E3A} = {06FC4248-5CB2-412F-A1D0-419FF1A2953F}
		{7D355027-7B1E-46B6-8C62-609B0EDF9636} = {06FC4248-5CB2-412F-A1D0-419FF1A2953F}
		{56EC4A52-118F-4A29-B544-49FCBB607E53} = {07AC16D3-D7E3-49F1-80AC-9C909D5A93E3}
		{EC68516B-7E68-4A4D-88D4-99FD83099342} = {07AC16D3-D7E3-49F1-80AC-9C909D5A93E3}
		{CD8534A4-8A29-4E2B-BC68-E4A12625D8D8} = {07AC16D3-D7E3-49F1-80AC-9C909D5A93E3}
		{C8977D41-3DA4-4095-8BD1-02ACBE552168} = {2C2E7B99-66BD-4C32-9480-72D2B5703F5D}
		{CB9284F5-FD84-438E-9417-DE16FF470F0E} = {2C2E7B99-66BD-4C32-9480-72D2B5703F5D}
		{F1A291F6-9371-4FC8-AF16-C41A08A998D0} = {2C2E7B99-66BD-4C32-9480-72D2B5703F5D}
		{651D861C-4A5B-41D7-A77C-B87373696395} = {341CAF4F-1C52-4A4E-B791-7DB94DA8810B}
		{B9A2798B-99C5-4044-81B1-0A4B9816A4AC} = {341CAF4F-1C52-4A4E-B791-7DB94DA8810B}
		{28720297-8024-4504-B2E8-11E71A33EF6C} = {341CAF4F-1C52-4A4E-B791-7DB94DA8810B}
		{F5CFBF62-C396-4252-B61C-F9E4B98F5D62} = {2E9AFFB2-7C7F-4BC5-BFC8-E3CAF5DAC260}
		{F8B8D064-C97A-4997-A1AD-F2E2740CEFBE} = {2E9AFFB2-7C7F-4BC5-BFC8-E3CAF5DAC260}
		{9F662378-908C-42DC-8AC8-79FA65C2EA91} = {2E9AFFB2-7C7F-4BC5-BFC8-E3CAF5DAC260}
		{74872EAB-895B-4B45-B375-F658BBBAE1B5} = {C5334DDA-0AB3-4717-9E36-F522F16FFD28}
		{E7A2FDA4-B5AD-4FD2-BAC3-BBB3C0AD1022} = {C5334DDA-0AB3-4717-9E36-F522F16FFD28}
		{050F5DF5-FD2A-40BF-87BC-0841F63736F7} = {C5334DDA-0AB3-4717-9E36-F522F16FFD28}
		{5F7AC2BC-4BB6-434D-9903-7A740EA09EE5} = {3FE68F4D-3806-4A92-959D-E8F1941C5D42}
		{3B4771CB-356B-4EA5-A322-E568A8343CAD} = {3FE68F4D-3806-4A92-959D-E8F1941C5D42}
		{74CCEF69-B7EA-4BCA-AD24-7C42D687BF29} = {3FE68F4D-3806-4A92-959D-E8F1941C5D42}
	EndGlobalSection
	GlobalSection(ExtensibilityGlobals) = postSolution
		SolutionGuid = {68D864F3-B602-42DF-B093-C15A073A1607}
	EndGlobalSection
EndGlobal
